<?xml version="1.0" encoding="utf-8"?>
<Project ToolsVersion="4.0" xmlns="http://schemas.microsoft.com/developer/msbuild/2003">
  <ItemGroup>
    <Filter Include="Source Files">
      <UniqueIdentifier>{4FC737F1-C7A5-4376-A066-2A32D752A2FF}</UniqueIdentifier>
      <Extensions>cpp;c;cc;cxx;def;odl;idl;hpj;bat;asm;asmx</Extensions>
    </Filter>
    <Filter Include="Header Files">
      <UniqueIdentifier>{93995380-89BD-4b04-88EB-625FBE52EBFB}</UniqueIdentifier>
      <Extensions>h;hh;hpp;hxx;hm;inl;inc;xsd</Extensions>
    </Filter>
    <Filter Include="Resource Files">
      <UniqueIdentifier>{67DA6AB6-F800-4c08-8B7A-83BB121AAD01}</UniqueIdentifier>
      <Extensions>rc;ico;cur;bmp;dlg;rc2;rct;bin;rgs;gif;jpg;jpeg;jpe;resx;tiff;tif;png;wav;mfcribbon-ms</Extensions>
    </Filter>
    <Filter Include="Shaders">
      <UniqueIdentifier>{68d8604a-b8c9-47a3-8e99-bc814432ac5d}</UniqueIdentifier>
    </Filter>
  </ItemGroup>
  <ItemGroup>
    <ClCompile Include="main.cpp">
      <Filter>Source Files</Filter>
    </ClCompile>
    <ClCompile Include="cwk1.cpp">
      <Filter>Source Files</Filter>
    </ClCompile>
    <ClCompile Include="cwk2.cpp">
      <Filter>Source Files</Filter>
    </ClCompile>
    <ClCompile Include="cwkp.cpp">
      <Filter>Source Files</Filter>
    </ClCompile>
    <ClCompile Include="utils.cpp">
      <Filter>Source Files</Filter>
    </ClCompile>
    <ClCompile Include="cw1shan.cpp">
      <Filter>Source Files</Filter>
    </ClCompile>
  </ItemGroup>
  <ItemGroup>
    <ClInclude Include="cwk1.h">
      <Filter>Header Files</Filter>
    </ClInclude>
    <ClInclude Include="cwk2.h">
      <Filter>Header Files</Filter>
    </ClInclude>
    <ClInclude Include="cwkp.h">
      <Filter>Header Files</Filter>
    </ClInclude>
    <ClInclude Include="opengl.h">
      <Filter>Header Files</Filter>
    </ClInclude>
    <ClInclude Include="main.h">
      <Filter>Header Files</Filter>
    </ClInclude>
    <ClInclude Include="utils.h">
      <Filter>Header Files</Filter>
    </ClInclude>
    <ClInclude Include="GLTEST.h">
      <Filter>Header Files</Filter>
    </ClInclude>
    <ClInclude Include="cw1shan.h">
      <Filter>Header Files</Filter>
    </ClInclude>
  </ItemGroup>
  <ItemGroup>
    <None Include="tut2.frag">
      <Filter>Shaders</Filter>
    </None>
    <None Include="tut2.vert">
      <Filter>Shaders</Filter>
    </None>
    <None Include="tutorial3.frag">
      <Filter>Shaders</Filter>
    </None>
    <None Include="tutorial3.vert">
      <Filter>Shaders</Filter>
    </None>
    <None Include="tutorial4.frag">
      <Filter>Shaders</Filter>
    </None>
    <None Include="tutorial4.geom">
      <Filter>Shaders</Filter>
    </None>
    <None Include="tutorial4.vert">
      <Filter>Shaders</Filter>
    </None>
    <None Include="tri.geom">
      <Filter>Shaders</Filter>
    </None>
    <None Include="tut.frag">
      <Filter>Shaders</Filter>
    </None>
    <None Include="tut.vert">
      <Filter>Shaders</Filter>
    </None>
    <None Include="shader.vert">
      <Filter>Shaders</Filter>
    </None>
    <None Include="shader.frag">
      <Filter>Shaders</Filter>
    </None>
  </ItemGroup>
</Project>